<?xml version="1.0" encoding="utf-8"?>
<Project ToolsVersion="4.0" xmlns="http://schemas.microsoft.com/developer/msbuild/2003">
  <ItemGroup>
    <Filter Include="src">
      <UniqueIdentifier>{4FC737F1-C7A5-4376-A066-2A32D752A2FF}</UniqueIdentifier>
      <Extensions>cpp;c;cc;cxx;def;odl;idl;hpj;bat;asm;asmx</Extensions>
    </Filter>
    <Filter Include="src\ninja_espionage">
      <UniqueIdentifier>{5bb326e0-4321-4d0e-9cee-6f98c21671d2}</UniqueIdentifier>
    </Filter>
    <Filter Include="src\ninja_espionage_VS">
      <UniqueIdentifier>{c33742fb-cb3d-4d8d-a88b-09ba1684fcdb}</UniqueIdentifier>
    </Filter>
  </ItemGroup>
  <ItemGroup>
    <ClCompile Include="src\ninja_espionage\NinjaEspionage.cpp">
      <Filter>src</Filter>
    </ClCompile>
    <ClCompile Include="src\ninja_espionage\NinjaEspionageButtonEventHandler.cpp">
      <Filter>src</Filter>
    </ClCompile>
    <ClCompile Include="src\ninja_espionage\NinjaEspionageCollisionListener.cpp">
      <Filter>src</Filter>
    </ClCompile>
    <ClCompile Include="src\ninja_espionage\NinjaEspionageDataLoader.cpp">
      <Filter>src</Filter>
    </ClCompile>
    <ClCompile Include="src\ninja_espionage\NinjaEspionageKeyEventHandler.cpp">
      <Filter>src</Filter>
    </ClCompile>
    <ClCompile Include="src\ninja_espionage\NinjaEspionageTextGenerator.cpp">
      <Filter>src</Filter>
    </ClCompile>
    <ClCompile Include="src\ninja_espionage_VS\stdafx.cpp">
      <Filter>src</Filter>
    </ClCompile>
  </ItemGroup>
  <ItemGroup>
    <ClInclude Include="src\ninja_espionage\NinjaEspionage.h" />
    <ClInclude Include="src\ninja_espionage\NinjaEspionageButtonEventHandler.h" />
    <ClInclude Include="src\ninja_espionage\NinjaEspionageCollisionListener.h" />
    <ClInclude Include="src\ninja_espionage\NinjaEspionageDataLoader.h" />
    <ClInclude Include="src\ninja_espionage\NinjaEspionageKeyEventHandler.h" />
    <ClInclude Include="src\ninja_espionage\NinjaEspionageTextGenerator.h" />
    <ClInclude Include="src\ninja_espionage_VS\Resource.h" />
    <ClInclude Include="src\ninja_espionage_VS\stdafx.h" />
    <ClInclude Include="src\ninja_espionage_VS\targetver.h" />
  </ItemGroup>
  <ItemGroup>
    <Text Include="src\ninja_espionage_VS\ReadMe.txt" />
  </ItemGroup>
</Project>